
Microsoft Visual Studio Solution File, Format Version 12.00
# Visual Studio Version 17
VisualStudioVersion = 17.4.33213.308
MinimumVisualStudioVersion = 10.0.40219.1
Project("{FAE04EC0-301F-11D3-BF4B-00C04F79EFBC}") = "module5dz2zd", "module5dz2zd.csproj", "{14AF73CA-A6D3-4F4D-80A7-01F27AC6C866}"
EndProject
Global
	GlobalSection(SolutionConfigurationPlatforms) = preSolution
		Debug|Any CPU = Debug|Any CPU
		Release|Any CPU = Release|Any CPU
	EndGlobalSection
	GlobalSection(ProjectConfigurationPlatforms) = postSolution
		{14AF73CA-A6D3-4F4D-80A7-01F27AC6C866}.Debug|Any CPU.ActiveCfg = Debug|Any CPU
		{14AF73CA-A6D3-4F4D-80A7-01F27AC6C866}.Debug|Any CPU.Build.0 = Debug|Any CPU
		{14AF73CA-A6D3-4F4D-80A7-01F27AC6C866}.Release|Any CPU.ActiveCfg = Release|Any CPU
		{14AF73CA-A6D3-4F4D-80A7-01F27AC6C866}.Release|Any CPU.Build.0 = Release|Any CPU
	EndGlobalSection
	GlobalSection(SolutionProperties) = preSolution
		HideSolutionNode = FALSE
	EndGlobalSection
	GlobalSection(ExtensibilityGlobals) = postSolution
		SolutionGuid = {A7C0C08F-F1EA-4319-B720-09FE9A4AD1F9}
	EndGlobalSection
EndGlobal
